
Microsoft Visual Studio Solution File, Format Version 12.00
# Visual Studio Version 17
VisualStudioVersion = 17.5.002.0
MinimumVisualStudioVersion = 10.0.40219.1
Project("{9A19103F-16F7-4668-BE54-9A1E7A4F7556}") = "FlowCustomApiSapParser", "FlowCustomApiSapParser.csproj", "{7316D889-7DE8-4D10-A8FE-DA7DB77FF709}"
EndProject
Global
	GlobalSection(SolutionConfigurationPlatforms) = preSolution
		Debug|Any CPU = Debug|Any CPU
		Release|Any CPU = Release|Any CPU
	EndGlobalSection
	GlobalSection(ProjectConfigurationPlatforms) = postSolution
		{7316D889-7DE8-4D10-A8FE-DA7DB77FF709}.Debug|Any CPU.ActiveCfg = Debug|Any CPU
		{7316D889-7DE8-4D10-A8FE-DA7DB77FF709}.Debug|Any CPU.Build.0 = Debug|Any CPU
		{7316D889-7DE8-4D10-A8FE-DA7DB77FF709}.Release|Any CPU.ActiveCfg = Release|Any CPU
		{7316D889-7DE8-4D10-A8FE-DA7DB77FF709}.Release|Any CPU.Build.0 = Release|Any CPU
	EndGlobalSection
	GlobalSection(SolutionProperties) = preSolution
		HideSolutionNode = FALSE
	EndGlobalSection
	GlobalSection(ExtensibilityGlobals) = postSolution
		SolutionGuid = {D74B1562-6DDB-407C-827F-4DBD80C6B40F}
	EndGlobalSection
EndGlobal
